// !$*UTF8*$!
{
	archiveVersion = 1;
	classes = {
	};
	objectVersion = 46;
	objects = {

/* Begin PBXBuildFile section */
		BE72310415C5FA72002EE577 /* UIKit.framework in Frameworks */ = {isa = PBXBuildFile; fileRef = BE72310315C5FA72002EE577 /* UIKit.framework */; };
		BE72310615C5FA72002EE577 /* Foundation.framework in Frameworks */ = {isa = PBXBuildFile; fileRef = BE72310515C5FA72002EE577 /* Foundation.framework */; };
		BE72310815C5FA72002EE577 /* CoreGraphics.framework in Frameworks */ = {isa = PBXBuildFile; fileRef = BE72310715C5FA72002EE577 /* CoreGraphics.framework */; };
		BE72310E15C5FA72002EE577 /* InfoPlist.strings in Resources */ = {isa = PBXBuildFile; fileRef = BE72310C15C5FA72002EE577 /* InfoPlist.strings */; };
		BE72311015C5FA72002EE577 /* main.m in Sources */ = {isa = PBXBuildFile; fileRef = BE72310F15C5FA72002EE577 /* main.m */; };
		BE72311415C5FA72002EE577 /* TPMAppDelegate.m in Sources */ = {isa = PBXBuildFile; fileRef = BE72311315C5FA72002EE577 /* TPMAppDelegate.m */; };
		BE72312415C5FA8F002EE577 /* BaseRSSTableView.m in Sources */ = {isa = PBXBuildFile; fileRef = BE72311B15C5FA8F002EE577 /* BaseRSSTableView.m */; };
		BE72312515C5FA8F002EE577 /* iPhone.storyboard in Resources */ = {isa = PBXBuildFile; fileRef = BE72311C15C5FA8F002EE577 /* iPhone.storyboard */; };
		BE72312615C5FA8F002EE577 /* NSMutableDictionary+appConfiguration.m in Sources */ = {isa = PBXBuildFile; fileRef = BE72311E15C5FA8F002EE577 /* NSMutableDictionary+appConfiguration.m */; };
		BE72312715C5FA8F002EE577 /* TPM_Small_Icon.jpg in Resources */ = {isa = PBXBuildFile; fileRef = BE72311F15C5FA8F002EE577 /* TPM_Small_Icon.jpg */; };
		BE72312815C5FA8F002EE577 /* WebViewController.m in Sources */ = {isa = PBXBuildFile; fileRef = BE72312115C5FA8F002EE577 /* WebViewController.m */; };
		BE72312915C5FA8F002EE577 /* XMLReader.m in Sources */ = {isa = PBXBuildFile; fileRef = BE72312315C5FA8F002EE577 /* XMLReader.m */; };
/* End PBXBuildFile section */

/* Begin PBXFileReference section */
		BE7230FF15C5FA72002EE577 /* TPM.app */ = {isa = PBXFileReference; explicitFileType = wrapper.application; includeInIndex = 0; path = TPM.app; sourceTree = BUILT_PRODUCTS_DIR; };
		BE72310315C5FA72002EE577 /* UIKit.framework */ = {isa = PBXFileReference; lastKnownFileType = wrapper.framework; name = UIKit.framework; path = System/Library/Frameworks/UIKit.framework; sourceTree = SDKROOT; };
		BE72310515C5FA72002EE577 /* Foundation.framework */ = {isa = PBXFileReference; lastKnownFileType = wrapper.framework; name = Foundation.framework; path = System/Library/Frameworks/Foundation.framework; sourceTree = SDKROOT; };
		BE72310715C5FA72002EE577 /* CoreGraphics.framework */ = {isa = PBXFileReference; lastKnownFileType = wrapper.framework; name = CoreGraphics.framework; path = System/Library/Frameworks/CoreGraphics.framework; sourceTree = SDKROOT; };
		BE72310B15C5FA72002EE577 /* TPM-Info.plist */ = {isa = PBXFileReference; lastKnownFileType = text.plist.xml; path = "TPM-Info.plist"; sourceTree = "<group>"; };
		BE72310D15C5FA72002EE577 /* en */ = {isa = PBXFileReference; lastKnownFileType = text.plist.strings; name = en; path = en.lproj/InfoPlist.strings; sourceTree = "<group>"; };
		BE72310F15C5FA72002EE577 /* main.m */ = {isa = PBXFileReference; lastKnownFileType = sourcecode.c.objc; path = main.m; sourceTree = "<group>"; };
		BE72311115C5FA72002EE577 /* TPM-Prefix.pch */ = {isa = PBXFileReference; lastKnownFileType = sourcecode.c.h; path = "TPM-Prefix.pch"; sourceTree = "<group>"; };
		BE72311215C5FA72002EE577 /* TPMAppDelegate.h */ = {isa = PBXFileReference; lastKnownFileType = sourcecode.c.h; path = TPMAppDelegate.h; sourceTree = "<group>"; };
		BE72311315C5FA72002EE577 /* TPMAppDelegate.m */ = {isa = PBXFileReference; lastKnownFileType = sourcecode.c.objc; path = TPMAppDelegate.m; sourceTree = "<group>"; };
		BE72311A15C5FA8F002EE577 /* BaseRSSTableView.h */ = {isa = PBXFileReference; fileEncoding = 4; lastKnownFileType = sourcecode.c.h; path = BaseRSSTableView.h; sourceTree = "<group>"; };
		BE72311B15C5FA8F002EE577 /* BaseRSSTableView.m */ = {isa = PBXFileReference; fileEncoding = 4; lastKnownFileType = sourcecode.c.objc; path = BaseRSSTableView.m; sourceTree = "<group>"; };
		BE72311C15C5FA8F002EE577 /* iPhone.storyboard */ = {isa = PBXFileReference; fileEncoding = 4; lastKnownFileType = file.storyboard; path = iPhone.storyboard; sourceTree = "<group>"; };
		BE72311D15C5FA8F002EE577 /* NSMutableDictionary+appConfiguration.h */ = {isa = PBXFileReference; fileEncoding = 4; lastKnownFileType = sourcecode.c.h; path = "NSMutableDictionary+appConfiguration.h"; sourceTree = "<group>"; };
		BE72311E15C5FA8F002EE577 /* NSMutableDictionary+appConfiguration.m */ = {isa = PBXFileReference; fileEncoding = 4; lastKnownFileType = sourcecode.c.objc; path = "NSMutableDictionary+appConfiguration.m"; sourceTree = "<group>"; };
		BE72311F15C5FA8F002EE577 /* TPM_Small_Icon.jpg */ = {isa = PBXFileReference; lastKnownFileType = image.jpeg; path = TPM_Small_Icon.jpg; sourceTree = "<group>"; };
		BE72312015C5FA8F002EE577 /* WebViewController.h */ = {isa = PBXFileReference; fileEncoding = 4; lastKnownFileType = sourcecode.c.h; path = WebViewController.h; sourceTree = "<group>"; };
		BE72312115C5FA8F002EE577 /* WebViewController.m */ = {isa = PBXFileReference; fileEncoding = 4; lastKnownFileType = sourcecode.c.objc; path = WebViewController.m; sourceTree = "<group>"; };
		BE72312215C5FA8F002EE577 /* XMLReader.h */ = {isa = PBXFileReference; fileEncoding = 4; lastKnownFileType = sourcecode.c.h; path = XMLReader.h; sourceTree = "<group>"; };
		BE72312315C5FA8F002EE577 /* XMLReader.m */ = {isa = PBXFileReference; fileEncoding = 4; lastKnownFileType = sourcecode.c.objc; path = XMLReader.m; sourceTree = "<group>"; };
/* End PBXFileReference section */

/* Begin PBXFrameworksBuildPhase section */
		BE7230FC15C5FA72002EE577 /* Frameworks */ = {
			isa = PBXFrameworksBuildPhase;
			buildActionMask = 2147483647;
			files = (
				BE72310415C5FA72002EE577 /* UIKit.framework in Frameworks */,
				BE72310615C5FA72002EE577 /* Foundation.framework in Frameworks */,
				BE72310815C5FA72002EE577 /* CoreGraphics.framework in Frameworks */,
			);
			runOnlyForDeploymentPostprocessing = 0;
		};
/* End PBXFrameworksBuildPhase section */

/* Begin PBXGroup section */
		BE7230F415C5FA71002EE577 = {
			isa = PBXGroup;
			children = (
				BE72310915C5FA72002EE577 /* TPM */,
				BE72310215C5FA72002EE577 /* Frameworks */,
				BE72310015C5FA72002EE577 /* Products */,
			);
			sourceTree = "<group>";
		};
		BE72310015C5FA72002EE577 /* Products */ = {
			isa = PBXGroup;
			children = (
				BE7230FF15C5FA72002EE577 /* TPM.app */,
			);
			name = Products;
			sourceTree = "<group>";
		};
		BE72310215C5FA72002EE577 /* Frameworks */ = {
			isa = PBXGroup;
			children = (
				BE72310315C5FA72002EE577 /* UIKit.framework */,
				BE72310515C5FA72002EE577 /* Foundation.framework */,
				BE72310715C5FA72002EE577 /* CoreGraphics.framework */,
			);
			name = Frameworks;
			sourceTree = "<group>";
		};
		BE72310915C5FA72002EE577 /* TPM */ = {
			isa = PBXGroup;
			children = (
				BE72311215C5FA72002EE577 /* TPMAppDelegate.h */,
				BE72311315C5FA72002EE577 /* TPMAppDelegate.m */,
				BE72311A15C5FA8F002EE577 /* BaseRSSTableView.h */,
				BE72311B15C5FA8F002EE577 /* BaseRSSTableView.m */,
				BE72311C15C5FA8F002EE577 /* iPhone.storyboard */,
				BE72311D15C5FA8F002EE577 /* NSMutableDictionary+appConfiguration.h */,
				BE72311E15C5FA8F002EE577 /* NSMutableDictionary+appConfiguration.m */,
				BE72311F15C5FA8F002EE577 /* TPM_Small_Icon.jpg */,
				BE72312015C5FA8F002EE577 /* WebViewController.h */,
				BE72312115C5FA8F002EE577 /* WebViewController.m */,
				BE72312215C5FA8F002EE577 /* XMLReader.h */,
				BE72312315C5FA8F002EE577 /* XMLReader.m */,
				BE72310A15C5FA72002EE577 /* Supporting Files */,
			);
			path = TPM;
			sourceTree = "<group>";
		};
		BE72310A15C5FA72002EE577 /* Supporting Files */ = {
			isa = PBXGroup;
			children = (
				BE72310B15C5FA72002EE577 /* TPM-Info.plist */,
				BE72310C15C5FA72002EE577 /* InfoPlist.strings */,
				BE72310F15C5FA72002EE577 /* main.m */,
				BE72311115C5FA72002EE577 /* TPM-Prefix.pch */,
			);
			name = "Supporting Files";
			sourceTree = "<group>";
		};
/* End PBXGroup section */

/* Begin PBXNativeTarget section */
		BE7230FE15C5FA72002EE577 /* TPM */ = {
			isa = PBXNativeTarget;
			buildConfigurationList = BE72311715C5FA72002EE577 /* Build configuration list for PBXNativeTarget "TPM" */;
			buildPhases = (
				BE7230FB15C5FA72002EE577 /* Sources */,
				BE7230FC15C5FA72002EE577 /* Frameworks */,
				BE7230FD15C5FA72002EE577 /* Resources */,
			);
			buildRules = (
			);
			dependencies = (
			);
			name = TPM;
			productName = TPM;
			productReference = BE7230FF15C5FA72002EE577 /* TPM.app */;
			productType = "com.apple.product-type.application";
		};
/* End PBXNativeTarget section */

/* Begin PBXProject section */
		BE7230F615C5FA71002EE577 /* Project object */ = {
			isa = PBXProject;
			attributes = {
				CLASSPREFIX = TPM;
				LastUpgradeCheck = 0430;
			};
			buildConfigurationList = BE7230F915C5FA71002EE577 /* Build configuration list for PBXProject "TPM" */;
			compatibilityVersion = "Xcode 3.2";
			developmentRegion = English;
			hasScannedForEncodings = 0;
			knownRegions = (
				en,
			);
			mainGroup = BE7230F415C5FA71002EE577;
			productRefGroup = BE72310015C5FA72002EE577 /* Products */;
			projectDirPath = "";
			projectRoot = "";
			targets = (
				BE7230FE15C5FA72002EE577 /* TPM */,
			);
		};
/* End PBXProject section */

/* Begin PBXResourcesBuildPhase section */
		BE7230FD15C5FA72002EE577 /* Resources */ = {
			isa = PBXResourcesBuildPhase;
			buildActionMask = 2147483647;
			files = (
				BE72310E15C5FA72002EE577 /* InfoPlist.strings in Resources */,
				BE72312515C5FA8F002EE577 /* iPhone.storyboard in Resources */,
				BE72312715C5FA8F002EE577 /* TPM_Small_Icon.jpg in Resources */,
			);
			runOnlyForDeploymentPostprocessing = 0;
		};
/* End PBXResourcesBuildPhase section */

/* Begin PBXSourcesBuildPhase section */
		BE7230FB15C5FA72002EE577 /* Sources */ = {
			isa = PBXSourcesBuildPhase;
			buildActionMask = 2147483647;
			files = (
				BE72311015C5FA72002EE577 /* main.m in Sources */,
				BE72311415C5FA72002EE577 /* TPMAppDelegate.m in Sources */,
				BE72312415C5FA8F002EE577 /* BaseRSSTableView.m in Sources */,
				BE72312615C5FA8F002EE577 /* NSMutableDictionary+appConfiguration.m in Sources */,
				BE72312815C5FA8F002EE577 /* WebViewController.m in Sources */,
				BE72312915C5FA8F002EE577 /* XMLReader.m in Sources */,
			);
			runOnlyForDeploymentPostprocessing = 0;
		};
/* End PBXSourcesBuildPhase section */

/* Begin PBXVariantGroup section */
		BE72310C15C5FA72002EE577 /* InfoPlist.strings */ = {
			isa = PBXVariantGroup;
			children = (
				BE72310D15C5FA72002EE577 /* en */,
			);
			name = InfoPlist.strings;
			sourceTree = "<group>";
		};
/* End PBXVariantGroup section */

/* Begin XCBuildConfiguration section */
		BE72311515C5FA72002EE577 /* Debug */ = {
			isa = XCBuildConfiguration;
			buildSettings = {
				ALWAYS_SEARCH_USER_PATHS = NO;
				ARCHS = "$(ARCHS_STANDARD_32_BIT)";
				CLANG_ENABLE_OBJC_ARC = YES;
				"CODE_SIGN_IDENTITY[sdk=iphoneos*]" = "iPhone Developer";
				COPY_PHASE_STRIP = NO;
				GCC_C_LANGUAGE_STANDARD = gnu99;
				GCC_DYNAMIC_NO_PIC = NO;
				GCC_OPTIMIZATION_LEVEL = 0;
				GCC_PREPROCESSOR_DEFINITIONS = (
					"DEBUG=1",
					"$(inherited)",
				);
				GCC_SYMBOLS_PRIVATE_EXTERN = NO;
				GCC_VERSION = com.apple.compilers.llvm.clang.1_0;
				GCC_WARN_ABOUT_RETURN_TYPE = YES;
				GCC_WARN_UNINITIALIZED_AUTOS = YES;
				GCC_WARN_UNUSED_VARIABLE = YES;
				IPHONEOS_DEPLOYMENT_TARGET = 5.1;
				SDKROOT = iphoneos;
			};
			name = Debug;
		};
		BE72311615C5FA72002EE577 /* Release */ = {
			isa = XCBuildConfiguration;
			buildSettings = {
				ALWAYS_SEARCH_USER_PATHS = NO;
				ARCHS = "$(ARCHS_STANDARD_32_BIT)";
				CLANG_ENABLE_OBJC_ARC = YES;
				"CODE_SIGN_IDENTITY[sdk=iphoneos*]" = "iPhone Developer";
				COPY_PHASE_STRIP = YES;
				GCC_C_LANGUAGE_STANDARD = gnu99;
				GCC_VERSION = com.apple.compilers.llvm.clang.1_0;
				GCC_WARN_ABOUT_RETURN_TYPE = YES;
				GCC_WARN_UNINITIALIZED_AUTOS = YES;
				GCC_WARN_UNUSED_VARIABLE = YES;
				IPHONEOS_DEPLOYMENT_TARGET = 5.1;
				OTHER_CFLAGS = "-DNS_BLOCK_ASSERTIONS=1";
				SDKROOT = iphoneos;
				VALIDATE_PRODUCT = YES;
			};
			name = Release;
		};
		BE72311815C5FA72002EE577 /* Debug */ = {
			isa = XCBuildConfiguration;
			buildSettings = {
				GCC_PRECOMPILE_PREFIX_HEADER = YES;
				GCC_PREFIX_HEADER = "TPM/TPM-Prefix.pch";
				INFOPLIST_FILE = "TPM/TPM-Info.plist";
				PRODUCT_NAME = "$(TARGET_NAME)";
				WRAPPER_EXTENSION = app;
			};
			name = Debug;
		};
		BE72311915C5FA72002EE577 /* Release */ = {
			isa = XCBuildConfiguration;
			buildSettings = {
				GCC_PRECOMPILE_PREFIX_HEADER = YES;
				GCC_PREFIX_HEADER = "TPM/TPM-Prefix.pch";
				INFOPLIST_FILE = "TPM/TPM-Info.plist";
				PRODUCT_NAME = "$(TARGET_NAME)";
				WRAPPER_EXTENSION = app;
			};
			name = Release;
		};
/* End XCBuildConfiguration section */

/* Begin XCConfigurationList section */
		BE7230F915C5FA71002EE577 /* Build configuration list for PBXProject "TPM" */ = {
			isa = XCConfigurationList;
			buildConfigurations = (
				BE72311515C5FA72002EE577 /* Debug */,
				BE72311615C5FA72002EE577 /* Release */,
			);
			defaultConfigurationIsVisible = 0;
			defaultConfigurationName = Release;
		};
		BE72311715C5FA72002EE577 /* Build configuration list for PBXNativeTarget "TPM" */ = {
			isa = XCConfigurationList;
			buildConfigurations = (
				BE72311815C5FA72002EE577 /* Debug */,
				BE72311915C5FA72002EE577 /* Release */,
			);
			defaultConfigurationIsVisible = 0;
		};
/* End XCConfigurationList section */
	};
	rootObject = BE7230F615C5FA71002EE577 /* Project object */;
}
