// !$*UTF8*$!
{
	archiveVersion = 1;
	classes = {
	};
	objectVersion = 46;
	objects = {

/* Begin PBXBuildFile section */
		BE03E0B015CF6D6E007759B1 /* TPMSocialMediaDetailViewController.m in Sources */ = {isa = PBXBuildFile; fileRef = BE03E0AF15CF6D6E007759B1 /* TPMSocialMediaDetailViewController.m */; };
		BE424C1B15CB316500146D29 /* MyApplication.m in Sources */ = {isa = PBXBuildFile; fileRef = BE424C1915CB316500146D29 /* MyApplication.m */; };
		BE4C4AAE15C8C7F90091E3C1 /* CoreImage.framework in Frameworks */ = {isa = PBXBuildFile; fileRef = BE4C4AAD15C8C7F90091E3C1 /* CoreImage.framework */; };
		BE4C4AB815C8F8620091E3C1 /* TPMFacebookTableViewController.m in Sources */ = {isa = PBXBuildFile; fileRef = BE4C4AB715C8F8620091E3C1 /* TPMFacebookTableViewController.m */; };
		BE4C4ABC15C8FD1A0091E3C1 /* FacebookButton@2x.png in Resources */ = {isa = PBXBuildFile; fileRef = BE4C4ABB15C8FD1A0091E3C1 /* FacebookButton@2x.png */; };
		BE72310415C5FA72002EE577 /* UIKit.framework in Frameworks */ = {isa = PBXBuildFile; fileRef = BE72310315C5FA72002EE577 /* UIKit.framework */; };
		BE72310615C5FA72002EE577 /* Foundation.framework in Frameworks */ = {isa = PBXBuildFile; fileRef = BE72310515C5FA72002EE577 /* Foundation.framework */; };
		BE72310815C5FA72002EE577 /* CoreGraphics.framework in Frameworks */ = {isa = PBXBuildFile; fileRef = BE72310715C5FA72002EE577 /* CoreGraphics.framework */; };
		BE72310E15C5FA72002EE577 /* InfoPlist.strings in Resources */ = {isa = PBXBuildFile; fileRef = BE72310C15C5FA72002EE577 /* InfoPlist.strings */; };
		BE72311015C5FA72002EE577 /* main.m in Sources */ = {isa = PBXBuildFile; fileRef = BE72310F15C5FA72002EE577 /* main.m */; };
		BE72311415C5FA72002EE577 /* TPMAppDelegate.m in Sources */ = {isa = PBXBuildFile; fileRef = BE72311315C5FA72002EE577 /* TPMAppDelegate.m */; };
		BE72312515C5FA8F002EE577 /* iPhone.storyboard in Resources */ = {isa = PBXBuildFile; fileRef = BE72311C15C5FA8F002EE577 /* iPhone.storyboard */; };
		BE84D25215E5BB8D004F444F /* 112-group.png in Resources */ = {isa = PBXBuildFile; fileRef = BE84D25115E5BB8D004F444F /* 112-group.png */; };
		BE8CB74D15CB765F0094F789 /* twitterTabBarIcon@2x.png in Resources */ = {isa = PBXBuildFile; fileRef = BE8CB74C15CB765F0094F789 /* twitterTabBarIcon@2x.png */; };
		BE8CB74F15CB779E0094F789 /* twitterTabBarIcon.png in Resources */ = {isa = PBXBuildFile; fileRef = BE8CB74E15CB779E0094F789 /* twitterTabBarIcon.png */; };
		BE8CB75415CB7E4D0094F789 /* Twitter.framework in Frameworks */ = {isa = PBXBuildFile; fileRef = BE8CB75315CB7E4D0094F789 /* Twitter.framework */; };
		BE8CB75715CB9B4B0094F789 /* TPMTwitterTableViewController.m in Sources */ = {isa = PBXBuildFile; fileRef = BE8CB75615CB9B4B0094F789 /* TPMTwitterTableViewController.m */; };
		BE8EFA3115C6349400A383FD /* TPM - iPhone - Retina.png in Resources */ = {isa = PBXBuildFile; fileRef = BE8EFA3015C6349400A383FD /* TPM - iPhone - Retina.png */; };
		BE8EFA3315C634C300A383FD /* TPM - iPhone.png in Resources */ = {isa = PBXBuildFile; fileRef = BE8EFA3215C634C300A383FD /* TPM - iPhone.png */; };
		BE8EFA3515C635BF00A383FD /* TPM_Default_Cell_Image@2x.png in Resources */ = {isa = PBXBuildFile; fileRef = BE8EFA3415C635BF00A383FD /* TPM_Default_Cell_Image@2x.png */; };
		BE8EFA3715C635CD00A383FD /* TPM_Default_Cell_Image.png in Resources */ = {isa = PBXBuildFile; fileRef = BE8EFA3615C635CD00A383FD /* TPM_Default_Cell_Image.png */; };
		BE8EFA3A15C63B6400A383FD /* TPMRSSViewController.m in Sources */ = {isa = PBXBuildFile; fileRef = BE8EFA3915C63B6400A383FD /* TPMRSSViewController.m */; };
		BE96C0CD15E1FA71009A05DC /* libtheBlimpBaseClasses.a in Frameworks */ = {isa = PBXBuildFile; fileRef = BE443F2215D8A97F00A58FBA /* libtheBlimpBaseClasses.a */; };
		BED7BDF315E357AE00EF45FC /* FacebookSDK.framework in Frameworks */ = {isa = PBXBuildFile; fileRef = BED7BDF215E357AE00EF45FC /* FacebookSDK.framework */; };
		BED7BDF515E357B900EF45FC /* FacebookSDKResources.bundle in Resources */ = {isa = PBXBuildFile; fileRef = BED7BDF415E357B900EF45FC /* FacebookSDKResources.bundle */; };
		BEEB0AB915D9E9830026DD5E /* Accounts.framework in Frameworks */ = {isa = PBXBuildFile; fileRef = BEEB0AB815D9E9830026DD5E /* Accounts.framework */; };
/* End PBXBuildFile section */

/* Begin PBXContainerItemProxy section */
		BE443F2115D8A97F00A58FBA /* PBXContainerItemProxy */ = {
			isa = PBXContainerItemProxy;
			containerPortal = BE443F1C15D8A97F00A58FBA /* theBlimpBaseClasses.xcodeproj */;
			proxyType = 2;
			remoteGlobalIDString = BEF4248015D6E2DF00C647BC;
			remoteInfo = theBlimpBaseClasses;
		};
		BE443F2315D8A97F00A58FBA /* PBXContainerItemProxy */ = {
			isa = PBXContainerItemProxy;
			containerPortal = BE443F1C15D8A97F00A58FBA /* theBlimpBaseClasses.xcodeproj */;
			proxyType = 2;
			remoteGlobalIDString = BEF4249015D6E2DF00C647BC;
			remoteInfo = theBlimpBaseClassesTests;
		};
		BE443F3115D8A9B300A58FBA /* PBXContainerItemProxy */ = {
			isa = PBXContainerItemProxy;
			containerPortal = BE443F1C15D8A97F00A58FBA /* theBlimpBaseClasses.xcodeproj */;
			proxyType = 1;
			remoteGlobalIDString = BEF4247F15D6E2DF00C647BC;
			remoteInfo = theBlimpBaseClasses;
		};
/* End PBXContainerItemProxy section */

/* Begin PBXFileReference section */
		BE03E0AE15CF6D6E007759B1 /* TPMSocialMediaDetailViewController.h */ = {isa = PBXFileReference; fileEncoding = 4; lastKnownFileType = sourcecode.c.h; path = TPMSocialMediaDetailViewController.h; sourceTree = "<group>"; };
		BE03E0AF15CF6D6E007759B1 /* TPMSocialMediaDetailViewController.m */ = {isa = PBXFileReference; fileEncoding = 4; lastKnownFileType = sourcecode.c.objc; path = TPMSocialMediaDetailViewController.m; sourceTree = "<group>"; };
		BE424C1915CB316500146D29 /* MyApplication.m */ = {isa = PBXFileReference; fileEncoding = 4; lastKnownFileType = sourcecode.c.objc; path = MyApplication.m; sourceTree = "<group>"; };
		BE424C1A15CB316500146D29 /* MyApplication.h */ = {isa = PBXFileReference; fileEncoding = 4; lastKnownFileType = sourcecode.c.h; path = MyApplication.h; sourceTree = "<group>"; };
		BE443F1C15D8A97F00A58FBA /* theBlimpBaseClasses.xcodeproj */ = {isa = PBXFileReference; lastKnownFileType = "wrapper.pb-project"; name = theBlimpBaseClasses.xcodeproj; path = ../theBlimpBaseClasses/theBlimpBaseClasses.xcodeproj; sourceTree = "<group>"; };
		BE4C4AAD15C8C7F90091E3C1 /* CoreImage.framework */ = {isa = PBXFileReference; lastKnownFileType = wrapper.framework; name = CoreImage.framework; path = System/Library/Frameworks/CoreImage.framework; sourceTree = SDKROOT; };
		BE4C4AB615C8F8610091E3C1 /* TPMFacebookTableViewController.h */ = {isa = PBXFileReference; fileEncoding = 4; lastKnownFileType = sourcecode.c.h; path = TPMFacebookTableViewController.h; sourceTree = "<group>"; };
		BE4C4AB715C8F8620091E3C1 /* TPMFacebookTableViewController.m */ = {isa = PBXFileReference; fileEncoding = 4; lastKnownFileType = sourcecode.c.objc; path = TPMFacebookTableViewController.m; sourceTree = "<group>"; };
		BE4C4ABB15C8FD1A0091E3C1 /* FacebookButton@2x.png */ = {isa = PBXFileReference; lastKnownFileType = image.png; path = "FacebookButton@2x.png"; sourceTree = "<group>"; };
		BE7230FF15C5FA72002EE577 /* TPM.app */ = {isa = PBXFileReference; explicitFileType = wrapper.application; includeInIndex = 0; path = TPM.app; sourceTree = BUILT_PRODUCTS_DIR; };
		BE72310315C5FA72002EE577 /* UIKit.framework */ = {isa = PBXFileReference; lastKnownFileType = wrapper.framework; name = UIKit.framework; path = System/Library/Frameworks/UIKit.framework; sourceTree = SDKROOT; };
		BE72310515C5FA72002EE577 /* Foundation.framework */ = {isa = PBXFileReference; lastKnownFileType = wrapper.framework; name = Foundation.framework; path = System/Library/Frameworks/Foundation.framework; sourceTree = SDKROOT; };
		BE72310715C5FA72002EE577 /* CoreGraphics.framework */ = {isa = PBXFileReference; lastKnownFileType = wrapper.framework; name = CoreGraphics.framework; path = System/Library/Frameworks/CoreGraphics.framework; sourceTree = SDKROOT; };
		BE72310B15C5FA72002EE577 /* TPM-Info.plist */ = {isa = PBXFileReference; lastKnownFileType = text.plist.xml; path = "TPM-Info.plist"; sourceTree = "<group>"; };
		BE72310D15C5FA72002EE577 /* en */ = {isa = PBXFileReference; lastKnownFileType = text.plist.strings; name = en; path = en.lproj/InfoPlist.strings; sourceTree = "<group>"; };
		BE72310F15C5FA72002EE577 /* main.m */ = {isa = PBXFileReference; lastKnownFileType = sourcecode.c.objc; path = main.m; sourceTree = "<group>"; };
		BE72311115C5FA72002EE577 /* TPM-Prefix.pch */ = {isa = PBXFileReference; lastKnownFileType = sourcecode.c.h; path = "TPM-Prefix.pch"; sourceTree = "<group>"; };
		BE72311215C5FA72002EE577 /* TPMAppDelegate.h */ = {isa = PBXFileReference; lastKnownFileType = sourcecode.c.h; path = TPMAppDelegate.h; sourceTree = "<group>"; };
		BE72311315C5FA72002EE577 /* TPMAppDelegate.m */ = {isa = PBXFileReference; lastKnownFileType = sourcecode.c.objc; path = TPMAppDelegate.m; sourceTree = "<group>"; };
		BE72311C15C5FA8F002EE577 /* iPhone.storyboard */ = {isa = PBXFileReference; fileEncoding = 4; lastKnownFileType = file.storyboard; path = iPhone.storyboard; sourceTree = "<group>"; };
		BE84D25115E5BB8D004F444F /* 112-group.png */ = {isa = PBXFileReference; lastKnownFileType = image.png; path = "112-group.png"; sourceTree = "<group>"; };
		BE8CB74C15CB765F0094F789 /* twitterTabBarIcon@2x.png */ = {isa = PBXFileReference; lastKnownFileType = image.png; path = "twitterTabBarIcon@2x.png"; sourceTree = "<group>"; };
		BE8CB74E15CB779E0094F789 /* twitterTabBarIcon.png */ = {isa = PBXFileReference; lastKnownFileType = image.png; path = twitterTabBarIcon.png; sourceTree = "<group>"; };
		BE8CB75315CB7E4D0094F789 /* Twitter.framework */ = {isa = PBXFileReference; lastKnownFileType = wrapper.framework; name = Twitter.framework; path = System/Library/Frameworks/Twitter.framework; sourceTree = SDKROOT; };
		BE8CB75515CB9B4B0094F789 /* TPMTwitterTableViewController.h */ = {isa = PBXFileReference; fileEncoding = 4; lastKnownFileType = sourcecode.c.h; path = TPMTwitterTableViewController.h; sourceTree = "<group>"; };
		BE8CB75615CB9B4B0094F789 /* TPMTwitterTableViewController.m */ = {isa = PBXFileReference; fileEncoding = 4; lastKnownFileType = sourcecode.c.objc; path = TPMTwitterTableViewController.m; sourceTree = "<group>"; };
		BE8EFA3015C6349400A383FD /* TPM - iPhone - Retina.png */ = {isa = PBXFileReference; lastKnownFileType = image.png; path = "TPM - iPhone - Retina.png"; sourceTree = "<group>"; };
		BE8EFA3215C634C300A383FD /* TPM - iPhone.png */ = {isa = PBXFileReference; lastKnownFileType = image.png; path = "TPM - iPhone.png"; sourceTree = "<group>"; };
		BE8EFA3415C635BF00A383FD /* TPM_Default_Cell_Image@2x.png */ = {isa = PBXFileReference; lastKnownFileType = image.png; path = "TPM_Default_Cell_Image@2x.png"; sourceTree = "<group>"; };
		BE8EFA3615C635CD00A383FD /* TPM_Default_Cell_Image.png */ = {isa = PBXFileReference; lastKnownFileType = image.png; path = TPM_Default_Cell_Image.png; sourceTree = "<group>"; };
		BE8EFA3815C63B6400A383FD /* TPMRSSViewController.h */ = {isa = PBXFileReference; fileEncoding = 4; lastKnownFileType = sourcecode.c.h; path = TPMRSSViewController.h; sourceTree = "<group>"; };
		BE8EFA3915C63B6400A383FD /* TPMRSSViewController.m */ = {isa = PBXFileReference; fileEncoding = 4; lastKnownFileType = sourcecode.c.objc; path = TPMRSSViewController.m; sourceTree = "<group>"; };
		BED7BDF215E357AE00EF45FC /* FacebookSDK.framework */ = {isa = PBXFileReference; lastKnownFileType = wrapper.framework; name = FacebookSDK.framework; path = "../facebook-ios-sdk/build/FacebookSDK.framework"; sourceTree = "<group>"; };
		BED7BDF415E357B900EF45FC /* FacebookSDKResources.bundle */ = {isa = PBXFileReference; lastKnownFileType = "wrapper.plug-in"; name = FacebookSDKResources.bundle; path = "../facebook-ios-sdk/build/FacebookSDK.framework/Versions/A/Resources/FacebookSDKResources.bundle"; sourceTree = "<group>"; };
		BEEB0AB815D9E9830026DD5E /* Accounts.framework */ = {isa = PBXFileReference; lastKnownFileType = wrapper.framework; name = Accounts.framework; path = System/Library/Frameworks/Accounts.framework; sourceTree = SDKROOT; };
/* End PBXFileReference section */

/* Begin PBXFrameworksBuildPhase section */
		BE7230FC15C5FA72002EE577 /* Frameworks */ = {
			isa = PBXFrameworksBuildPhase;
			buildActionMask = 2147483647;
			files = (
				BE96C0CD15E1FA71009A05DC /* libtheBlimpBaseClasses.a in Frameworks */,
				BEEB0AB915D9E9830026DD5E /* Accounts.framework in Frameworks */,
				BE8CB75415CB7E4D0094F789 /* Twitter.framework in Frameworks */,
				BE4C4AAE15C8C7F90091E3C1 /* CoreImage.framework in Frameworks */,
				BE72310415C5FA72002EE577 /* UIKit.framework in Frameworks */,
				BE72310615C5FA72002EE577 /* Foundation.framework in Frameworks */,
				BE72310815C5FA72002EE577 /* CoreGraphics.framework in Frameworks */,
				BED7BDF315E357AE00EF45FC /* FacebookSDK.framework in Frameworks */,
			);
			runOnlyForDeploymentPostprocessing = 0;
		};
/* End PBXFrameworksBuildPhase section */

/* Begin PBXGroup section */
		BE443F1D15D8A97F00A58FBA /* Products */ = {
			isa = PBXGroup;
			children = (
				BE443F2215D8A97F00A58FBA /* libtheBlimpBaseClasses.a */,
				BE443F2415D8A97F00A58FBA /* theBlimpBaseClassesTests.octest */,
			);
			name = Products;
			sourceTree = "<group>";
		};
		BE4C4A8915C8B8E20091E3C1 /* Base Classes */ = {
			isa = PBXGroup;
			children = (
				BE4C4ABB15C8FD1A0091E3C1 /* FacebookButton@2x.png */,
				BE424C1915CB316500146D29 /* MyApplication.m */,
				BE424C1A15CB316500146D29 /* MyApplication.h */,
			);
			name = "Base Classes";
			sourceTree = "<group>";
		};
		BE4C4A8B15C8B91E0091E3C1 /* Categories */ = {
			isa = PBXGroup;
			children = (
			);
			name = Categories;
			sourceTree = "<group>";
		};
		BE4C4A8F15C8BD1C0091E3C1 /* Facebook */ = {
			isa = PBXGroup;
			children = (
			);
			name = Facebook;
			sourceTree = "<group>";
		};
		BE7230F415C5FA71002EE577 = {
			isa = PBXGroup;
			children = (
				BE8EFA3215C634C300A383FD /* TPM - iPhone.png */,
				BE8EFA3015C6349400A383FD /* TPM - iPhone - Retina.png */,
				BE72310915C5FA72002EE577 /* TPM */,
				BE72310215C5FA72002EE577 /* Frameworks */,
				BE72310015C5FA72002EE577 /* Products */,
				BE443F1C15D8A97F00A58FBA /* theBlimpBaseClasses.xcodeproj */,
			);
			sourceTree = "<group>";
		};
		BE72310015C5FA72002EE577 /* Products */ = {
			isa = PBXGroup;
			children = (
				BE7230FF15C5FA72002EE577 /* TPM.app */,
			);
			name = Products;
			sourceTree = "<group>";
		};
		BE72310215C5FA72002EE577 /* Frameworks */ = {
			isa = PBXGroup;
			children = (
				BED7BDF415E357B900EF45FC /* FacebookSDKResources.bundle */,
				BED7BDF215E357AE00EF45FC /* FacebookSDK.framework */,
				BEEB0AB815D9E9830026DD5E /* Accounts.framework */,
				BE8CB75315CB7E4D0094F789 /* Twitter.framework */,
				BE4C4AAD15C8C7F90091E3C1 /* CoreImage.framework */,
				BE72310315C5FA72002EE577 /* UIKit.framework */,
				BE72310515C5FA72002EE577 /* Foundation.framework */,
				BE72310715C5FA72002EE577 /* CoreGraphics.framework */,
			);
			name = Frameworks;
			sourceTree = "<group>";
		};
		BE72310915C5FA72002EE577 /* TPM */ = {
			isa = PBXGroup;
			children = (
				BE72311215C5FA72002EE577 /* TPMAppDelegate.h */,
				BE72311315C5FA72002EE577 /* TPMAppDelegate.m */,
				BE72311C15C5FA8F002EE577 /* iPhone.storyboard */,
				BE03E0AE15CF6D6E007759B1 /* TPMSocialMediaDetailViewController.h */,
				BE03E0AF15CF6D6E007759B1 /* TPMSocialMediaDetailViewController.m */,
				BE8CB75515CB9B4B0094F789 /* TPMTwitterTableViewController.h */,
				BE8CB75615CB9B4B0094F789 /* TPMTwitterTableViewController.m */,
				BE8EFA3815C63B6400A383FD /* TPMRSSViewController.h */,
				BE8EFA3915C63B6400A383FD /* TPMRSSViewController.m */,
				BE4C4AB615C8F8610091E3C1 /* TPMFacebookTableViewController.h */,
				BE4C4AB715C8F8620091E3C1 /* TPMFacebookTableViewController.m */,
				BE8CB74C15CB765F0094F789 /* twitterTabBarIcon@2x.png */,
				BE8CB74E15CB779E0094F789 /* twitterTabBarIcon.png */,
				BE84D25115E5BB8D004F444F /* 112-group.png */,
				BE72310A15C5FA72002EE577 /* Supporting Files */,
			);
			path = TPM;
			sourceTree = "<group>";
		};
		BE72310A15C5FA72002EE577 /* Supporting Files */ = {
			isa = PBXGroup;
			children = (
				BE4C4A8F15C8BD1C0091E3C1 /* Facebook */,
				BE4C4A8B15C8B91E0091E3C1 /* Categories */,
				BE4C4A8915C8B8E20091E3C1 /* Base Classes */,
				BE8EFA3415C635BF00A383FD /* TPM_Default_Cell_Image@2x.png */,
				BE8EFA3615C635CD00A383FD /* TPM_Default_Cell_Image.png */,
				BE72310B15C5FA72002EE577 /* TPM-Info.plist */,
				BE72310C15C5FA72002EE577 /* InfoPlist.strings */,
				BE72310F15C5FA72002EE577 /* main.m */,
				BE72311115C5FA72002EE577 /* TPM-Prefix.pch */,
			);
			name = "Supporting Files";
			sourceTree = "<group>";
		};
/* End PBXGroup section */

/* Begin PBXNativeTarget section */
		BE7230FE15C5FA72002EE577 /* TPM */ = {
			isa = PBXNativeTarget;
			buildConfigurationList = BE72311715C5FA72002EE577 /* Build configuration list for PBXNativeTarget "TPM" */;
			buildPhases = (
				BE7230FB15C5FA72002EE577 /* Sources */,
				BE7230FC15C5FA72002EE577 /* Frameworks */,
				BE7230FD15C5FA72002EE577 /* Resources */,
			);
			buildRules = (
			);
			dependencies = (
				BE443F3215D8A9B300A58FBA /* PBXTargetDependency */,
			);
			name = TPM;
			productName = TPM;
			productReference = BE7230FF15C5FA72002EE577 /* TPM.app */;
			productType = "com.apple.product-type.application";
		};
/* End PBXNativeTarget section */

/* Begin PBXProject section */
		BE7230F615C5FA71002EE577 /* Project object */ = {
			isa = PBXProject;
			attributes = {
				CLASSPREFIX = TPM;
				LastUpgradeCheck = 0430;
			};
			buildConfigurationList = BE7230F915C5FA71002EE577 /* Build configuration list for PBXProject "TPM" */;
			compatibilityVersion = "Xcode 3.2";
			developmentRegion = English;
			hasScannedForEncodings = 0;
			knownRegions = (
				en,
			);
			mainGroup = BE7230F415C5FA71002EE577;
			productRefGroup = BE72310015C5FA72002EE577 /* Products */;
			projectDirPath = "";
			projectReferences = (
				{
					ProductGroup = BE443F1D15D8A97F00A58FBA /* Products */;
					ProjectRef = BE443F1C15D8A97F00A58FBA /* theBlimpBaseClasses.xcodeproj */;
				},
			);
			projectRoot = "";
			targets = (
				BE7230FE15C5FA72002EE577 /* TPM */,
			);
		};
/* End PBXProject section */

/* Begin PBXReferenceProxy section */
		BE443F2215D8A97F00A58FBA /* libtheBlimpBaseClasses.a */ = {
			isa = PBXReferenceProxy;
			fileType = archive.ar;
			path = libtheBlimpBaseClasses.a;
			remoteRef = BE443F2115D8A97F00A58FBA /* PBXContainerItemProxy */;
			sourceTree = BUILT_PRODUCTS_DIR;
		};
		BE443F2415D8A97F00A58FBA /* theBlimpBaseClassesTests.octest */ = {
			isa = PBXReferenceProxy;
			fileType = wrapper.cfbundle;
			path = theBlimpBaseClassesTests.octest;
			remoteRef = BE443F2315D8A97F00A58FBA /* PBXContainerItemProxy */;
			sourceTree = BUILT_PRODUCTS_DIR;
		};
/* End PBXReferenceProxy section */

/* Begin PBXResourcesBuildPhase section */
		BE7230FD15C5FA72002EE577 /* Resources */ = {
			isa = PBXResourcesBuildPhase;
			buildActionMask = 2147483647;
			files = (
				BE72310E15C5FA72002EE577 /* InfoPlist.strings in Resources */,
				BE72312515C5FA8F002EE577 /* iPhone.storyboard in Resources */,
				BE8EFA3115C6349400A383FD /* TPM - iPhone - Retina.png in Resources */,
				BE8EFA3315C634C300A383FD /* TPM - iPhone.png in Resources */,
				BE8EFA3515C635BF00A383FD /* TPM_Default_Cell_Image@2x.png in Resources */,
				BE8EFA3715C635CD00A383FD /* TPM_Default_Cell_Image.png in Resources */,
				BE4C4ABC15C8FD1A0091E3C1 /* FacebookButton@2x.png in Resources */,
				BE8CB74D15CB765F0094F789 /* twitterTabBarIcon@2x.png in Resources */,
				BE8CB74F15CB779E0094F789 /* twitterTabBarIcon.png in Resources */,
				BED7BDF515E357B900EF45FC /* FacebookSDKResources.bundle in Resources */,
				BE84D25215E5BB8D004F444F /* 112-group.png in Resources */,
			);
			runOnlyForDeploymentPostprocessing = 0;
		};
/* End PBXResourcesBuildPhase section */

/* Begin PBXSourcesBuildPhase section */
		BE7230FB15C5FA72002EE577 /* Sources */ = {
			isa = PBXSourcesBuildPhase;
			buildActionMask = 2147483647;
			files = (
				BE72311015C5FA72002EE577 /* main.m in Sources */,
				BE72311415C5FA72002EE577 /* TPMAppDelegate.m in Sources */,
				BE8EFA3A15C63B6400A383FD /* TPMRSSViewController.m in Sources */,
				BE4C4AB815C8F8620091E3C1 /* TPMFacebookTableViewController.m in Sources */,
				BE424C1B15CB316500146D29 /* MyApplication.m in Sources */,
				BE8CB75715CB9B4B0094F789 /* TPMTwitterTableViewController.m in Sources */,
				BE03E0B015CF6D6E007759B1 /* TPMSocialMediaDetailViewController.m in Sources */,
			);
			runOnlyForDeploymentPostprocessing = 0;
		};
/* End PBXSourcesBuildPhase section */

/* Begin PBXTargetDependency section */
		BE443F3215D8A9B300A58FBA /* PBXTargetDependency */ = {
			isa = PBXTargetDependency;
			name = theBlimpBaseClasses;
			targetProxy = BE443F3115D8A9B300A58FBA /* PBXContainerItemProxy */;
		};
/* End PBXTargetDependency section */

/* Begin PBXVariantGroup section */
		BE72310C15C5FA72002EE577 /* InfoPlist.strings */ = {
			isa = PBXVariantGroup;
			children = (
				BE72310D15C5FA72002EE577 /* en */,
			);
			name = InfoPlist.strings;
			sourceTree = "<group>";
		};
/* End PBXVariantGroup section */

/* Begin XCBuildConfiguration section */
		BE72311515C5FA72002EE577 /* Debug */ = {
			isa = XCBuildConfiguration;
			buildSettings = {
				ALWAYS_SEARCH_USER_PATHS = NO;
				ARCHS = "$(ARCHS_STANDARD_32_BIT)";
				CLANG_ENABLE_OBJC_ARC = YES;
				"CODE_SIGN_IDENTITY[sdk=iphoneos*]" = "iPhone Developer";
				COPY_PHASE_STRIP = NO;
				GCC_C_LANGUAGE_STANDARD = gnu99;
				GCC_DYNAMIC_NO_PIC = NO;
				GCC_OPTIMIZATION_LEVEL = 0;
				GCC_PREPROCESSOR_DEFINITIONS = (
					"DEBUG=1",
					"$(inherited)",
				);
				GCC_SYMBOLS_PRIVATE_EXTERN = NO;
				GCC_VERSION = com.apple.compilers.llvm.clang.1_0;
				GCC_WARN_ABOUT_RETURN_TYPE = YES;
				GCC_WARN_UNINITIALIZED_AUTOS = YES;
				GCC_WARN_UNUSED_VARIABLE = YES;
				IPHONEOS_DEPLOYMENT_TARGET = 5.1;
				OTHER_LDFLAGS = (
					"-ObjC",
					"-lsqlist3.0",
				);
				SDKROOT = iphoneos;
				VALID_ARCHS = "armv6 armv7";
			};
			name = Debug;
		};
		BE72311615C5FA72002EE577 /* Release */ = {
			isa = XCBuildConfiguration;
			buildSettings = {
				ALWAYS_SEARCH_USER_PATHS = NO;
				ARCHS = "$(ARCHS_STANDARD_32_BIT)";
				CLANG_ENABLE_OBJC_ARC = YES;
				"CODE_SIGN_IDENTITY[sdk=iphoneos*]" = "iPhone Distribution";
				COPY_PHASE_STRIP = YES;
				GCC_C_LANGUAGE_STANDARD = gnu99;
				GCC_VERSION = com.apple.compilers.llvm.clang.1_0;
				GCC_WARN_ABOUT_RETURN_TYPE = YES;
				GCC_WARN_UNINITIALIZED_AUTOS = YES;
				GCC_WARN_UNUSED_VARIABLE = YES;
				IPHONEOS_DEPLOYMENT_TARGET = 5.1;
				OTHER_CFLAGS = "-DNS_BLOCK_ASSERTIONS=1";
				OTHER_LDFLAGS = (
					"-ObjC",
					"-lsqlist3.0",
				);
				"PROVISIONING_PROFILE[sdk=iphoneos*]" = "";
				SDKROOT = iphoneos;
				VALIDATE_PRODUCT = YES;
				VALID_ARCHS = "armv6 armv7";
			};
			name = Release;
		};
		BE72311815C5FA72002EE577 /* Debug */ = {
			isa = XCBuildConfiguration;
			buildSettings = {
				FRAMEWORK_SEARCH_PATHS = (
					"$(inherited)",
					"\"$(SRCROOT)/../facebook-ios-sdk/build\"",
				);
				GCC_PRECOMPILE_PREFIX_HEADER = YES;
				GCC_PREFIX_HEADER = "TPM/TPM-Prefix.pch";
				HEADER_SEARCH_PATHS = "\"../theBlimpBaseClasses/theBlimpBaseClasses\"";
				INFOPLIST_FILE = "TPM/TPM-Info.plist";
				LIBRARY_SEARCH_PATHS = (
					"$(inherited)",
					"\"$(SRCROOT)/TPM\"",
				);
				OTHER_LDFLAGS = (
					"-ObjC",
					"-lsqlite3.0",
				);
				PRODUCT_NAME = "$(TARGET_NAME)";
				WRAPPER_EXTENSION = app;
			};
			name = Debug;
		};
		BE72311915C5FA72002EE577 /* Release */ = {
			isa = XCBuildConfiguration;
			buildSettings = {
				"CODE_SIGN_IDENTITY[sdk=iphoneos*]" = "iPhone Distribution";
				FRAMEWORK_SEARCH_PATHS = (
					"$(inherited)",
					"\"$(SRCROOT)/../facebook-ios-sdk/build\"",
				);
				GCC_PRECOMPILE_PREFIX_HEADER = YES;
				GCC_PREFIX_HEADER = "TPM/TPM-Prefix.pch";
				HEADER_SEARCH_PATHS = "\"../theBlimpBaseClasses/theBlimpBaseClasses\"";
				INFOPLIST_FILE = "TPM/TPM-Info.plist";
				LIBRARY_SEARCH_PATHS = (
					"$(inherited)",
					"\"$(SRCROOT)/TPM\"",
				);
				OTHER_LDFLAGS = (
					"-ObjC",
					"-lsqlite3.0",
				);
				PRODUCT_NAME = "$(TARGET_NAME)";
				"PROVISIONING_PROFILE[sdk=iphoneos*]" = "";
				WRAPPER_EXTENSION = app;
			};
			name = Release;
		};
/* End XCBuildConfiguration section */

/* Begin XCConfigurationList section */
		BE7230F915C5FA71002EE577 /* Build configuration list for PBXProject "TPM" */ = {
			isa = XCConfigurationList;
			buildConfigurations = (
				BE72311515C5FA72002EE577 /* Debug */,
				BE72311615C5FA72002EE577 /* Release */,
			);
			defaultConfigurationIsVisible = 0;
			defaultConfigurationName = Release;
		};
		BE72311715C5FA72002EE577 /* Build configuration list for PBXNativeTarget "TPM" */ = {
			isa = XCConfigurationList;
			buildConfigurations = (
				BE72311815C5FA72002EE577 /* Debug */,
				BE72311915C5FA72002EE577 /* Release */,
			);
			defaultConfigurationIsVisible = 0;
			defaultConfigurationName = Release;
		};
/* End XCConfigurationList section */
	};
	rootObject = BE7230F615C5FA71002EE577 /* Project object */;
}
